
Microsoft Visual Studio Solution File, Format Version 12.00
# Visual Studio Version 16
VisualStudioVersion = 16.0.31129.286
MinimumVisualStudioVersion = 10.0.40219.1
Project("{FAE04EC0-301F-11D3-BF4B-00C04F79EFBC}") = "Otel1", "Otel1\Otel1.csproj", "{01D8AAAA-8688-4C71-ADBA-AD73267CA7FB}"
EndProject
Global
	GlobalSection(SolutionConfigurationPlatforms) = preSolution
		Debug|Any CPU = Debug|Any CPU
		Release|Any CPU = Release|Any CPU
	EndGlobalSection
	GlobalSection(ProjectConfigurationPlatforms) = postSolution
		{01D8AAAA-8688-4C71-ADBA-AD73267CA7FB}.Debug|Any CPU.ActiveCfg = Debug|Any CPU
		{01D8AAAA-8688-4C71-ADBA-AD73267CA7FB}.Debug|Any CPU.Build.0 = Debug|Any CPU
		{01D8AAAA-8688-4C71-ADBA-AD73267CA7FB}.Release|Any CPU.ActiveCfg = Release|Any CPU
		{01D8AAAA-8688-4C71-ADBA-AD73267CA7FB}.Release|Any CPU.Build.0 = Release|Any CPU
	EndGlobalSection
	GlobalSection(SolutionProperties) = preSolution
		HideSolutionNode = FALSE
	EndGlobalSection
	GlobalSection(ExtensibilityGlobals) = postSolution
		SolutionGuid = {79063F38-52A6-4A50-A9E0-FFEF4059E755}
	EndGlobalSection
EndGlobal
